
Microsoft Visual Studio Solution File, Format Version 12.00
# Visual Studio Version 17
VisualStudioVersion = 17.13.35828.75 d17.13
MinimumVisualStudioVersion = 10.0.40219.1
Project("{FAE04EC0-301F-11D3-BF4B-00C04F79EFBC}") = "OPMBL", "OPMBL\OPMBL.csproj", "{B367E959-D8DD-4341-9A66-C19735CB53CE}"
EndProject
Project("{FAE04EC0-301F-11D3-BF4B-00C04F79EFBC}") = "OPMDL", "OPMDL\OPMDL.csproj", "{C3A2E854-3C29-4CA6-A191-5A33643C4D12}"
EndProject
Project("{FAE04EC0-301F-11D3-BF4B-00C04F79EFBC}") = "OPMUI_WPF", "OPMUI_WPF\OPMUI_WPF.csproj", "{F4280C97-E0A5-4D91-B11D-741943717237}"
EndProject
Project("{FAE04EC0-301F-11D3-BF4B-00C04F79EFBC}") = "OPMUtils", "OPMUtils\OPMUtils.csproj", "{5F0537C9-ACCF-4BE8-B068-F74A2CEDD0C2}"
EndProject
Project("{FAE04EC0-301F-11D3-BF4B-00C04F79EFBC}") = "OPMUI_Console", "OPMUI_Console\OPMUI_Console.csproj", "{D3B83C9A-1D9C-445F-9393-A0A902DE1D18}"
EndProject
Global
	GlobalSection(SolutionConfigurationPlatforms) = preSolution
		Debug|Any CPU = Debug|Any CPU
		Release|Any CPU = Release|Any CPU
	EndGlobalSection
	GlobalSection(ProjectConfigurationPlatforms) = postSolution
		{B367E959-D8DD-4341-9A66-C19735CB53CE}.Debug|Any CPU.ActiveCfg = Debug|Any CPU
		{B367E959-D8DD-4341-9A66-C19735CB53CE}.Debug|Any CPU.Build.0 = Debug|Any CPU
		{B367E959-D8DD-4341-9A66-C19735CB53CE}.Release|Any CPU.ActiveCfg = Release|Any CPU
		{B367E959-D8DD-4341-9A66-C19735CB53CE}.Release|Any CPU.Build.0 = Release|Any CPU
		{C3A2E854-3C29-4CA6-A191-5A33643C4D12}.Debug|Any CPU.ActiveCfg = Debug|Any CPU
		{C3A2E854-3C29-4CA6-A191-5A33643C4D12}.Debug|Any CPU.Build.0 = Debug|Any CPU
		{C3A2E854-3C29-4CA6-A191-5A33643C4D12}.Release|Any CPU.ActiveCfg = Release|Any CPU
		{C3A2E854-3C29-4CA6-A191-5A33643C4D12}.Release|Any CPU.Build.0 = Release|Any CPU
		{F4280C97-E0A5-4D91-B11D-741943717237}.Debug|Any CPU.ActiveCfg = Debug|Any CPU
		{F4280C97-E0A5-4D91-B11D-741943717237}.Debug|Any CPU.Build.0 = Debug|Any CPU
		{F4280C97-E0A5-4D91-B11D-741943717237}.Release|Any CPU.ActiveCfg = Release|Any CPU
		{F4280C97-E0A5-4D91-B11D-741943717237}.Release|Any CPU.Build.0 = Release|Any CPU
		{5F0537C9-ACCF-4BE8-B068-F74A2CEDD0C2}.Debug|Any CPU.ActiveCfg = Debug|Any CPU
		{5F0537C9-ACCF-4BE8-B068-F74A2CEDD0C2}.Debug|Any CPU.Build.0 = Debug|Any CPU
		{5F0537C9-ACCF-4BE8-B068-F74A2CEDD0C2}.Release|Any CPU.ActiveCfg = Release|Any CPU
		{5F0537C9-ACCF-4BE8-B068-F74A2CEDD0C2}.Release|Any CPU.Build.0 = Release|Any CPU
		{D3B83C9A-1D9C-445F-9393-A0A902DE1D18}.Debug|Any CPU.ActiveCfg = Debug|Any CPU
		{D3B83C9A-1D9C-445F-9393-A0A902DE1D18}.Debug|Any CPU.Build.0 = Debug|Any CPU
		{D3B83C9A-1D9C-445F-9393-A0A902DE1D18}.Release|Any CPU.ActiveCfg = Release|Any CPU
		{D3B83C9A-1D9C-445F-9393-A0A902DE1D18}.Release|Any CPU.Build.0 = Release|Any CPU
	EndGlobalSection
	GlobalSection(SolutionProperties) = preSolution
		HideSolutionNode = FALSE
	EndGlobalSection
	GlobalSection(ExtensibilityGlobals) = postSolution
		SolutionGuid = {347E4984-7376-4762-AA06-ED40B29F24F7}
	EndGlobalSection
EndGlobal
